// !$*UTF8*$!
{
	archiveVersion = 1;
	classes = {
	};
	objectVersion = 50;
	objects = {

/* Begin PBXBuildFile section */
		5E32E73A240ADC4500A198E9 /* AppDelegate.swift in Sources */ = {isa = PBXBuildFile; fileRef = 5E32E739240ADC4500A198E9 /* AppDelegate.swift */; };
		5E32E73C240ADC4500A198E9 /* SceneDelegate.swift in Sources */ = {isa = PBXBuildFile; fileRef = 5E32E73B240ADC4500A198E9 /* SceneDelegate.swift */; };
		5E32E73E240ADC4500A198E9 /* eBayViewController.swift in Sources */ = {isa = PBXBuildFile; fileRef = 5E32E73D240ADC4500A198E9 /* eBayViewController.swift */; };
		5E32E743240ADC4500A198E9 /* Main.storyboard in Resources */ = {isa = PBXBuildFile; fileRef = 5E32E741240ADC4500A198E9 /* Main.storyboard */; };
		5E32E745240ADC4600A198E9 /* Assets.xcassets in Resources */ = {isa = PBXBuildFile; fileRef = 5E32E744240ADC4600A198E9 /* Assets.xcassets */; };
		5E32E748240ADC4600A198E9 /* LaunchScreen.storyboard in Resources */ = {isa = PBXBuildFile; fileRef = 5E32E746240ADC4600A198E9 /* LaunchScreen.storyboard */; };
		5E32E751240ADFCF00A198E9 /* GrailedViewController.swift in Sources */ = {isa = PBXBuildFile; fileRef = 5E32E750240ADFCF00A198E9 /* GrailedViewController.swift */; };
/* End PBXBuildFile section */

/* Begin PBXFileReference section */
		5E32E736240ADC4500A198E9 /* Fees Calculator.app */ = {isa = PBXFileReference; explicitFileType = wrapper.application; includeInIndex = 0; path = "Fees Calculator.app"; sourceTree = BUILT_PRODUCTS_DIR; };
		5E32E739240ADC4500A198E9 /* AppDelegate.swift */ = {isa = PBXFileReference; lastKnownFileType = sourcecode.swift; path = AppDelegate.swift; sourceTree = "<group>"; };
		5E32E73B240ADC4500A198E9 /* SceneDelegate.swift */ = {isa = PBXFileReference; lastKnownFileType = sourcecode.swift; path = SceneDelegate.swift; sourceTree = "<group>"; };
		5E32E73D240ADC4500A198E9 /* eBayViewController.swift */ = {isa = PBXFileReference; lastKnownFileType = sourcecode.swift; path = eBayViewController.swift; sourceTree = "<group>"; };
		5E32E742240ADC4500A198E9 /* Base */ = {isa = PBXFileReference; lastKnownFileType = file.storyboard; name = Base; path = Base.lproj/Main.storyboard; sourceTree = "<group>"; };
		5E32E744240ADC4600A198E9 /* Assets.xcassets */ = {isa = PBXFileReference; lastKnownFileType = folder.assetcatalog; path = Assets.xcassets; sourceTree = "<group>"; };
		5E32E747240ADC4600A198E9 /* Base */ = {isa = PBXFileReference; lastKnownFileType = file.storyboard; name = Base; path = Base.lproj/LaunchScreen.storyboard; sourceTree = "<group>"; };
		5E32E749240ADC4600A198E9 /* Info.plist */ = {isa = PBXFileReference; lastKnownFileType = text.plist.xml; path = Info.plist; sourceTree = "<group>"; };
		5E32E750240ADFCF00A198E9 /* GrailedViewController.swift */ = {isa = PBXFileReference; lastKnownFileType = sourcecode.swift; path = GrailedViewController.swift; sourceTree = "<group>"; };
/* End PBXFileReference section */

/* Begin PBXFrameworksBuildPhase section */
		5E32E733240ADC4500A198E9 /* Frameworks */ = {
			isa = PBXFrameworksBuildPhase;
			buildActionMask = 2147483647;
			files = (
			);
			runOnlyForDeploymentPostprocessing = 0;
		};
/* End PBXFrameworksBuildPhase section */

/* Begin PBXGroup section */
		5E32E72D240ADC4500A198E9 = {
			isa = PBXGroup;
			children = (
				5E32E738240ADC4500A198E9 /* Fees Calculator */,
				5E32E737240ADC4500A198E9 /* Products */,
			);
			sourceTree = "<group>";
		};
		5E32E737240ADC4500A198E9 /* Products */ = {
			isa = PBXGroup;
			children = (
				5E32E736240ADC4500A198E9 /* Fees Calculator.app */,
			);
			name = Products;
			sourceTree = "<group>";
		};
		5E32E738240ADC4500A198E9 /* Fees Calculator */ = {
			isa = PBXGroup;
			children = (
				5E32E739240ADC4500A198E9 /* AppDelegate.swift */,
				5E32E73B240ADC4500A198E9 /* SceneDelegate.swift */,
				5E32E73D240ADC4500A198E9 /* eBayViewController.swift */,
				5E32E750240ADFCF00A198E9 /* GrailedViewController.swift */,
				5E32E741240ADC4500A198E9 /* Main.storyboard */,
				5E32E744240ADC4600A198E9 /* Assets.xcassets */,
				5E32E746240ADC4600A198E9 /* LaunchScreen.storyboard */,
				5E32E749240ADC4600A198E9 /* Info.plist */,
			);
			path = "Fees Calculator";
			sourceTree = "<group>";
		};
/* End PBXGroup section */

/* Begin PBXNativeTarget section */
		5E32E735240ADC4500A198E9 /* Fees Calculator */ = {
			isa = PBXNativeTarget;
			buildConfigurationList = 5E32E74C240ADC4600A198E9 /* Build configuration list for PBXNativeTarget "Fees Calculator" */;
			buildPhases = (
				5E32E732240ADC4500A198E9 /* Sources */,
				5E32E733240ADC4500A198E9 /* Frameworks */,
				5E32E734240ADC4500A198E9 /* Resources */,
			);
			buildRules = (
			);
			dependencies = (
			);
			name = "Fees Calculator";
			productName = "Fees Calculator";
			productReference = 5E32E736240ADC4500A198E9 /* Fees Calculator.app */;
			productType = "com.apple.product-type.application";
		};
/* End PBXNativeTarget section */

/* Begin PBXProject section */
		5E32E72E240ADC4500A198E9 /* Project object */ = {
			isa = PBXProject;
			attributes = {
				LastSwiftUpdateCheck = 1130;
				LastUpgradeCheck = 1130;
				ORGANIZATIONNAME = George;
				TargetAttributes = {
					5E32E735240ADC4500A198E9 = {
						CreatedOnToolsVersion = 11.3.1;
					};
				};
			};
			buildConfigurationList = 5E32E731240ADC4500A198E9 /* Build configuration list for PBXProject "Fees Calculator" */;
			compatibilityVersion = "Xcode 9.3";
			developmentRegion = en;
			hasScannedForEncodings = 0;
			knownRegions = (
				en,
				Base,
			);
			mainGroup = 5E32E72D240ADC4500A198E9;
			productRefGroup = 5E32E737240ADC4500A198E9 /* Products */;
			projectDirPath = "";
			projectRoot = "";
			targets = (
				5E32E735240ADC4500A198E9 /* Fees Calculator */,
			);
		};
/* End PBXProject section */

/* Begin PBXResourcesBuildPhase section */
		5E32E734240ADC4500A198E9 /* Resources */ = {
			isa = PBXResourcesBuildPhase;
			buildActionMask = 2147483647;
			files = (
				5E32E748240ADC4600A198E9 /* LaunchScreen.storyboard in Resources */,
				5E32E745240ADC4600A198E9 /* Assets.xcassets in Resources */,
				5E32E743240ADC4500A198E9 /* Main.storyboard in Resources */,
			);
			runOnlyForDeploymentPostprocessing = 0;
		};
/* End PBXResourcesBuildPhase section */

/* Begin PBXSourcesBuildPhase section */
		5E32E732240ADC4500A198E9 /* Sources */ = {
			isa = PBXSourcesBuildPhase;
			buildActionMask = 2147483647;
			files = (
				5E32E751240ADFCF00A198E9 /* GrailedViewController.swift in Sources */,
				5E32E73E240ADC4500A198E9 /* eBayViewController.swift in Sources */,
				5E32E73A240ADC4500A198E9 /* AppDelegate.swift in Sources */,
				5E32E73C240ADC4500A198E9 /* SceneDelegate.swift in Sources */,
			);
			runOnlyForDeploymentPostprocessing = 0;
		};
/* End PBXSourcesBuildPhase section */

/* Begin PBXVariantGroup section */
		5E32E741240ADC4500A198E9 /* Main.storyboard */ = {
			isa = PBXVariantGroup;
			children = (
				5E32E742240ADC4500A198E9 /* Base */,
			);
			name = Main.storyboard;
			sourceTree = "<group>";
		};
		5E32E746240ADC4600A198E9 /* LaunchScreen.storyboard */ = {
			isa = PBXVariantGroup;
			children = (
				5E32E747240ADC4600A198E9 /* Base */,
			);
			name = LaunchScreen.storyboard;
			sourceTree = "<group>";
		};
/* End PBXVariantGroup section */

/* Begin XCBuildConfiguration section */
		5E32E74A240ADC4600A198E9 /* Debug */ = {
			isa = XCBuildConfiguration;
			buildSettings = {
				ALWAYS_SEARCH_USER_PATHS = NO;
				CLANG_ANALYZER_NONNULL = YES;
				CLANG_ANALYZER_NUMBER_OBJECT_CONVERSION = YES_AGGRESSIVE;
				CLANG_CXX_LANGUAGE_STANDARD = "gnu++14";
				CLANG_CXX_LIBRARY = "libc++";
				CLANG_ENABLE_MODULES = YES;
				CLANG_ENABLE_OBJC_ARC = YES;
				CLANG_ENABLE_OBJC_WEAK = YES;
				CLANG_WARN_BLOCK_CAPTURE_AUTORELEASING = YES;
				CLANG_WARN_BOOL_CONVERSION = YES;
				CLANG_WARN_COMMA = YES;
				CLANG_WARN_CONSTANT_CONVERSION = YES;
				CLANG_WARN_DEPRECATED_OBJC_IMPLEMENTATIONS = YES;
				CLANG_WARN_DIRECT_OBJC_ISA_USAGE = YES_ERROR;
				CLANG_WARN_DOCUMENTATION_COMMENTS = YES;
				CLANG_WARN_EMPTY_BODY = YES;
				CLANG_WARN_ENUM_CONVERSION = YES;
				CLANG_WARN_INFINITE_RECURSION = YES;
				CLANG_WARN_INT_CONVERSION = YES;
				CLANG_WARN_NON_LITERAL_NULL_CONVERSION = YES;
				CLANG_WARN_OBJC_IMPLICIT_RETAIN_SELF = YES;
				CLANG_WARN_OBJC_LITERAL_CONVERSION = YES;
				CLANG_WARN_OBJC_ROOT_CLASS = YES_ERROR;
				CLANG_WARN_RANGE_LOOP_ANALYSIS = YES;
				CLANG_WARN_STRICT_PROTOTYPES = YES;
				CLANG_WARN_SUSPICIOUS_MOVE = YES;
				CLANG_WARN_UNGUARDED_AVAILABILITY = YES_AGGRESSIVE;
				CLANG_WARN_UNREACHABLE_CODE = YES;
				CLANG_WARN__DUPLICATE_METHOD_MATCH = YES;
				COPY_PHASE_STRIP = NO;
				DEBUG_INFORMATION_FORMAT = dwarf;
				ENABLE_STRICT_OBJC_MSGSEND = YES;
				ENABLE_TESTABILITY = YES;
				GCC_C_LANGUAGE_STANDARD = gnu11;
				GCC_DYNAMIC_NO_PIC = NO;
				GCC_NO_COMMON_BLOCKS = YES;
				GCC_OPTIMIZATION_LEVEL = 0;
				GCC_PREPROCESSOR_DEFINITIONS = (
					"DEBUG=1",
					"$(inherited)",
				);
				GCC_WARN_64_TO_32_BIT_CONVERSION = YES;
				GCC_WARN_ABOUT_RETURN_TYPE = YES_ERROR;
				GCC_WARN_UNDECLARED_SELECTOR = YES;
				GCC_WARN_UNINITIALIZED_AUTOS = YES_AGGRESSIVE;
				GCC_WARN_UNUSED_FUNCTION = YES;
				GCC_WARN_UNUSED_VARIABLE = YES;
				IPHONEOS_DEPLOYMENT_TARGET = 13.2;
				MTL_ENABLE_DEBUG_INFO = INCLUDE_SOURCE;
				MTL_FAST_MATH = YES;
				ONLY_ACTIVE_ARCH = YES;
				SDKROOT = iphoneos;
				SWIFT_ACTIVE_COMPILATION_CONDITIONS = DEBUG;
				SWIFT_OPTIMIZATION_LEVEL = "-Onone";
			};
			name = Debug;
		};
		5E32E74B240ADC4600A198E9 /* Release */ = {
			isa = XCBuildConfiguration;
			buildSettings = {
				ALWAYS_SEARCH_USER_PATHS = NO;
				CLANG_ANALYZER_NONNULL = YES;
				CLANG_ANALYZER_NUMBER_OBJECT_CONVERSION = YES_AGGRESSIVE;
				CLANG_CXX_LANGUAGE_STANDARD = "gnu++14";
				CLANG_CXX_LIBRARY = "libc++";
				CLANG_ENABLE_MODULES = YES;
				CLANG_ENABLE_OBJC_ARC = YES;
				CLANG_ENABLE_OBJC_WEAK = YES;
				CLANG_WARN_BLOCK_CAPTURE_AUTORELEASING = YES;
				CLANG_WARN_BOOL_CONVERSION = YES;
				CLANG_WARN_COMMA = YES;
				CLANG_WARN_CONSTANT_CONVERSION = YES;
				CLANG_WARN_DEPRECATED_OBJC_IMPLEMENTATIONS = YES;
				CLANG_WARN_DIRECT_OBJC_ISA_USAGE = YES_ERROR;
				CLANG_WARN_DOCUMENTATION_COMMENTS = YES;
				CLANG_WARN_EMPTY_BODY = YES;
				CLANG_WARN_ENUM_CONVERSION = YES;
				CLANG_WARN_INFINITE_RECURSION = YES;
				CLANG_WARN_INT_CONVERSION = YES;
				CLANG_WARN_NON_LITERAL_NULL_CONVERSION = YES;
				CLANG_WARN_OBJC_IMPLICIT_RETAIN_SELF = YES;
				CLANG_WARN_OBJC_LITERAL_CONVERSION = YES;
				CLANG_WARN_OBJC_ROOT_CLASS = YES_ERROR;
				CLANG_WARN_RANGE_LOOP_ANALYSIS = YES;
				CLANG_WARN_STRICT_PROTOTYPES = YES;
				CLANG_WARN_SUSPICIOUS_MOVE = YES;
				CLANG_WARN_UNGUARDED_AVAILABILITY = YES_AGGRESSIVE;
				CLANG_WARN_UNREACHABLE_CODE = YES;
				CLANG_WARN__DUPLICATE_METHOD_MATCH = YES;
				COPY_PHASE_STRIP = NO;
				DEBUG_INFORMATION_FORMAT = "dwarf-with-dsym";
				ENABLE_NS_ASSERTIONS = NO;
				ENABLE_STRICT_OBJC_MSGSEND = YES;
				GCC_C_LANGUAGE_STANDARD = gnu11;
				GCC_NO_COMMON_BLOCKS = YES;
				GCC_WARN_64_TO_32_BIT_CONVERSION = YES;
				GCC_WARN_ABOUT_RETURN_TYPE = YES_ERROR;
				GCC_WARN_UNDECLARED_SELECTOR = YES;
				GCC_WARN_UNINITIALIZED_AUTOS = YES_AGGRESSIVE;
				GCC_WARN_UNUSED_FUNCTION = YES;
				GCC_WARN_UNUSED_VARIABLE = YES;
				IPHONEOS_DEPLOYMENT_TARGET = 13.2;
				MTL_ENABLE_DEBUG_INFO = NO;
				MTL_FAST_MATH = YES;
				SDKROOT = iphoneos;
				SWIFT_COMPILATION_MODE = wholemodule;
				SWIFT_OPTIMIZATION_LEVEL = "-O";
				VALIDATE_PRODUCT = YES;
			};
			name = Release;
		};
		5E32E74D240ADC4600A198E9 /* Debug */ = {
			isa = XCBuildConfiguration;
			buildSettings = {
				ASSETCATALOG_COMPILER_APPICON_NAME = AppIcon;
				CODE_SIGN_STYLE = Automatic;
				DEVELOPMENT_TEAM = 7RGB38XGJ2;
				INFOPLIST_FILE = "Fees Calculator/Info.plist";
				IPHONEOS_DEPLOYMENT_TARGET = 13.0;
				LD_RUNPATH_SEARCH_PATHS = (
					"$(inherited)",
					"@executable_path/Frameworks",
				);
				PRODUCT_BUNDLE_IDENTIFIER = "george-ashton.Fees-Calculator";
				PRODUCT_NAME = "$(TARGET_NAME)";
				SWIFT_VERSION = 5.0;
				TARGETED_DEVICE_FAMILY = 1;
			};
			name = Debug;
		};
		5E32E74E240ADC4600A198E9 /* Release */ = {
			isa = XCBuildConfiguration;
			buildSettings = {
				ASSETCATALOG_COMPILER_APPICON_NAME = AppIcon;
				CODE_SIGN_STYLE = Automatic;
				DEVELOPMENT_TEAM = 7RGB38XGJ2;
				INFOPLIST_FILE = "Fees Calculator/Info.plist";
				IPHONEOS_DEPLOYMENT_TARGET = 13.0;
				LD_RUNPATH_SEARCH_PATHS = (
					"$(inherited)",
					"@executable_path/Frameworks",
				);
				PRODUCT_BUNDLE_IDENTIFIER = "george-ashton.Fees-Calculator";
				PRODUCT_NAME = "$(TARGET_NAME)";
				SWIFT_VERSION = 5.0;
				TARGETED_DEVICE_FAMILY = 1;
			};
			name = Release;
		};
/* End XCBuildConfiguration section */

/* Begin XCConfigurationList section */
		5E32E731240ADC4500A198E9 /* Build configuration list for PBXProject "Fees Calculator" */ = {
			isa = XCConfigurationList;
			buildConfigurations = (
				5E32E74A240ADC4600A198E9 /* Debug */,
				5E32E74B240ADC4600A198E9 /* Release */,
			);
			defaultConfigurationIsVisible = 0;
			defaultConfigurationName = Release;
		};
		5E32E74C240ADC4600A198E9 /* Build configuration list for PBXNativeTarget "Fees Calculator" */ = {
			isa = XCConfigurationList;
			buildConfigurations = (
				5E32E74D240ADC4600A198E9 /* Debug */,
				5E32E74E240ADC4600A198E9 /* Release */,
			);
			defaultConfigurationIsVisible = 0;
			defaultConfigurationName = Release;
		};
/* End XCConfigurationList section */
	};
	rootObject = 5E32E72E240ADC4500A198E9 /* Project object */;
}
